
Microsoft Visual Studio Solution File, Format Version 12.00
# Visual Studio Version 17
VisualStudioVersion = 17.1.32319.34
MinimumVisualStudioVersion = 10.0.40219.1
Project("{9A19103F-16F7-4668-BE54-9A1E7A4F7556}") = "AllenDynamicExpressions", "AllenDynamicExpressions\AllenDynamicExpressions.csproj", "{51729E87-1129-4C40-9189-F589B295128D}"
EndProject
Project("{9A19103F-16F7-4668-BE54-9A1E7A4F7556}") = "xUnitTest", "xUnitTest\xUnitTest.csproj", "{F9305DC2-0C04-44DD-B2AD-2DBE6E5FFAE6}"
EndProject
Project("{9A19103F-16F7-4668-BE54-9A1E7A4F7556}") = "BaseQueryDemo.Model", "BaseQueryDemo.Model\BaseQueryDemo.Model.csproj", "{8F4E2EB8-5A48-4F0F-8B55-7EF67563FF6E}"
EndProject
Project("{9A19103F-16F7-4668-BE54-9A1E7A4F7556}") = "BaseQueryDemo.Entities", "BaseQueryDemo.Entities\BaseQueryDemo.Entities.csproj", "{E62EC32E-86E5-4D32-95E9-79E95D05D4ED}"
EndProject
Global
	GlobalSection(SolutionConfigurationPlatforms) = preSolution
		Debug|Any CPU = Debug|Any CPU
		Release|Any CPU = Release|Any CPU
	EndGlobalSection
	GlobalSection(ProjectConfigurationPlatforms) = postSolution
		{51729E87-1129-4C40-9189-F589B295128D}.Debug|Any CPU.ActiveCfg = Debug|Any CPU
		{51729E87-1129-4C40-9189-F589B295128D}.Debug|Any CPU.Build.0 = Debug|Any CPU
		{51729E87-1129-4C40-9189-F589B295128D}.Release|Any CPU.ActiveCfg = Release|Any CPU
		{51729E87-1129-4C40-9189-F589B295128D}.Release|Any CPU.Build.0 = Release|Any CPU
		{F9305DC2-0C04-44DD-B2AD-2DBE6E5FFAE6}.Debug|Any CPU.ActiveCfg = Debug|Any CPU
		{F9305DC2-0C04-44DD-B2AD-2DBE6E5FFAE6}.Debug|Any CPU.Build.0 = Debug|Any CPU
		{F9305DC2-0C04-44DD-B2AD-2DBE6E5FFAE6}.Release|Any CPU.ActiveCfg = Release|Any CPU
		{F9305DC2-0C04-44DD-B2AD-2DBE6E5FFAE6}.Release|Any CPU.Build.0 = Release|Any CPU
		{8F4E2EB8-5A48-4F0F-8B55-7EF67563FF6E}.Debug|Any CPU.ActiveCfg = Debug|Any CPU
		{8F4E2EB8-5A48-4F0F-8B55-7EF67563FF6E}.Debug|Any CPU.Build.0 = Debug|Any CPU
		{8F4E2EB8-5A48-4F0F-8B55-7EF67563FF6E}.Release|Any CPU.ActiveCfg = Release|Any CPU
		{8F4E2EB8-5A48-4F0F-8B55-7EF67563FF6E}.Release|Any CPU.Build.0 = Release|Any CPU
		{E62EC32E-86E5-4D32-95E9-79E95D05D4ED}.Debug|Any CPU.ActiveCfg = Debug|Any CPU
		{E62EC32E-86E5-4D32-95E9-79E95D05D4ED}.Debug|Any CPU.Build.0 = Debug|Any CPU
		{E62EC32E-86E5-4D32-95E9-79E95D05D4ED}.Release|Any CPU.ActiveCfg = Release|Any CPU
		{E62EC32E-86E5-4D32-95E9-79E95D05D4ED}.Release|Any CPU.Build.0 = Release|Any CPU
	EndGlobalSection
	GlobalSection(SolutionProperties) = preSolution
		HideSolutionNode = FALSE
	EndGlobalSection
	GlobalSection(ExtensibilityGlobals) = postSolution
		SolutionGuid = {C441C012-F986-4433-946E-460B33AA4E49}
	EndGlobalSection
EndGlobal
